{
    "_readme": [
        "This file locks the dependencies of your project to a known state",
        "Read more about it at https://getcomposer.org/doc/01-basic-usage.md#composer-lock-the-lock-file",
        "This file is @generated automatically"
    ],
    "hash": "d6af3ce177ceff86bfadac278f5df0d8",
    "content-hash": "cb968bfcab76b9b7f24f79408d5a6eaf",
    "packages": [
        {
            "name": "google/apiclient",
            "version": "1.1.6",
            "source": {
                "type": "git",
                "url": "https://github.com/google/google-api-php-client.git",
                "reference": "a25dc9d5c109ebb02945ba1ff6336cc937c27628"
            },
            "dist": {
                "type": "zip",
                "url": "https://api.github.com/repos/google/google-api-php-client/zipball/a25dc9d5c109ebb02945ba1ff6336cc937c27628",
                "reference": "a25dc9d5c109ebb02945ba1ff6336cc937c27628",
                "shasum": ""
            },
            "require": {
                "php": ">=5.2.1"
            },
            "require-dev": {
                "phpunit/phpunit": "3.7.*",
                "squizlabs/php_codesniffer": "~2.3"
            },
            "type": "library",
            "extra": {
                "branch-alias": {
                    "dev-master": "1.1.x-dev"
                }
            },
            "autoload": {
                "classmap": [
                    "src/"
                ]
            },
            "notification-url": "https://packagist.org/downloads/",
            "license": [
                "Apache-2.0"
            ],
            "description": "Client library for Google APIs",
            "homepage": "http://developers.google.com/api-client-library/php",
            "keywords": [
                "google"
            ],
            "time": "2015-10-16 22:11:08"
        },
        {
            "name": "pear/console_getopt",
            "version": "v1.4.1",
            "source": {
                "type": "git",
                "url": "https://github.com/pear/Console_Getopt.git",
                "reference": "82f05cd1aa3edf34e19aa7c8ca312ce13a6a577f"
            },
            "dist": {
                "type": "zip",
                "url": "https://api.github.com/repos/pear/Console_Getopt/zipball/82f05cd1aa3edf34e19aa7c8ca312ce13a6a577f",
                "reference": "82f05cd1aa3edf34e19aa7c8ca312ce13a6a577f",
                "shasum": ""
            },
            "type": "library",
            "autoload": {
                "psr-0": {
                    "Console": "./"
                }
            },
            "notification-url": "https://packagist.org/downloads/",
            "include-path": [
                "./"
            ],
            "license": [
                "BSD-2-Clause"
            ],
            "authors": [
                {
                    "name": "Greg Beaver",
                    "email": "cellog@php.net",
                    "role": "Helper"
                },
                {
                    "name": "Andrei Zmievski",
                    "email": "andrei@php.net",
                    "role": "Lead"
                },
                {
                    "name": "Stig Bakken",
                    "email": "stig@php.net",
                    "role": "Developer"
                }
            ],
            "description": "More info available on: http://pear.php.net/package/Console_Getopt",
            "time": "2015-07-20 20:28:12"
        },
        {
            "name": "pear/mail_mime",
            "version": "dev-master",
            "source": {
                "type": "git",
                "url": "https://github.com/pear/Mail_Mime.git",
                "reference": "e071727cf41a4b85ecc1de210ed4fd7f4f8d1ec4"
            },
            "dist": {
                "type": "zip",
                "url": "https://api.github.com/repos/pear/Mail_Mime/zipball/e071727cf41a4b85ecc1de210ed4fd7f4f8d1ec4",
                "reference": "e071727cf41a4b85ecc1de210ed4fd7f4f8d1ec4",
                "shasum": ""
            },
            "require": {
                "pear/pear-core-minimal": "*"
            },
            "type": "library",
            "autoload": {
                "psr-0": {
                    "Mail": "./"
                }
            },
            "notification-url": "https://packagist.org/downloads/",
            "include-path": [
                "./"
            ],
            "license": [
                "BSD Style"
            ],
            "authors": [
                {
                    "name": "Cipriano Groenendal",
                    "email": "cipri@php.net",
                    "role": "Lead"
                },
                {
                    "name": "Aleksander Machniak",
                    "email": "alec@php.net",
                    "role": "Lead"
                }
            ],
            "description": "Mail_Mime provides classes to create MIME messages",
            "homepage": "http://pear.php.net/package/Mail_Mime",
            "time": "2015-09-13 12:42:41"
        },
        {
            "name": "pear/mail_mime-decode",
            "version": "dev-master",
            "source": {
                "type": "git",
                "url": "https://github.com/dreamfactorysoftware/Mail_mimeDecode.git",
                "reference": "eed056f50490d494601a9be871329768c82a22c9"
            },
            "dist": {
                "type": "zip",
                "url": "https://api.github.com/repos/dreamfactorysoftware/Mail_mimeDecode/zipball/eed056f50490d494601a9be871329768c82a22c9",
                "reference": "eed056f50490d494601a9be871329768c82a22c9",
                "shasum": ""
            },
            "require": {
                "pear/pear-core-minimal": "~1"
            },
            "require-dev": {
                "phpunit/phpunit": "*"
            },
            "type": "library",
            "autoload": {
                "psr-0": {
                    "Mail_mimeDecode": ""
                }
            },
            "notification-url": "https://packagist.org/downloads/",
            "include-path": [
                "./"
            ],
            "license": [
                "BSD-2-Clause"
            ],
            "authors": [
                {
                    "name": "Cipriano Groenendal",
                    "email": "cipri@php.net",
                    "role": "Lead"
                },
                {
                    "name": "Aleksander Machniak",
                    "email": "alec@php.net",
                    "role": "Lead"
                }
            ],
            "description": "More info available on: http://pear.php.net/package/Mail_mimeDecode",
            "time": "2015-06-02 22:11:37"
        },
        {
            "name": "pear/pear-core-minimal",
            "version": "v1.10.1",
            "source": {
                "type": "git",
                "url": "https://github.com/pear/pear-core-minimal.git",
                "reference": "cae0f1ce0cb5bddb611b0a652d322905a65a5896"
            },
            "dist": {
                "type": "zip",
                "url": "https://api.github.com/repos/pear/pear-core-minimal/zipball/cae0f1ce0cb5bddb611b0a652d322905a65a5896",
                "reference": "cae0f1ce0cb5bddb611b0a652d322905a65a5896",
                "shasum": ""
            },
            "require": {
                "pear/console_getopt": "~1.3",
                "pear/pear_exception": "~1.0"
            },
            "replace": {
                "rsky/pear-core-min": "self.version"
            },
            "type": "library",
            "autoload": {
                "psr-0": {
                    "": "src/"
                }
            },
            "notification-url": "https://packagist.org/downloads/",
            "include-path": [
                "src/"
            ],
            "license": [
                "BSD-3-Clause"
            ],
            "authors": [
                {
                    "name": "Christian Weiske",
                    "email": "cweiske@php.net",
                    "role": "Lead"
                }
            ],
            "description": "Minimal set of PEAR core files to be used as composer dependency",
            "time": "2015-10-17 11:41:19"
        },
        {
            "name": "pear/pear_exception",
            "version": "dev-master",
            "source": {
                "type": "git",
                "url": "https://github.com/pear/PEAR_Exception.git",
                "reference": "8c18719fdae000b690e3912be401c76e406dd13b"
            },
            "dist": {
                "type": "zip",
                "url": "https://api.github.com/repos/pear/PEAR_Exception/zipball/8c18719fdae000b690e3912be401c76e406dd13b",
                "reference": "8c18719fdae000b690e3912be401c76e406dd13b",
                "shasum": ""
            },
            "require": {
                "php": ">=4.4.0"
            },
            "require-dev": {
                "phpunit/phpunit": "*"
            },
            "type": "class",
            "extra": {
                "branch-alias": {
                    "dev-master": "1.0.x-dev"
                }
            },
            "autoload": {
                "psr-0": {
                    "PEAR": ""
                }
            },
            "notification-url": "https://packagist.org/downloads/",
            "include-path": [
                "."
            ],
            "license": [
                "BSD-2-Clause"
            ],
            "authors": [
                {
                    "name": "Helgi Thormar",
                    "email": "dufuz@php.net"
                },
                {
                    "name": "Greg Beaver",
                    "email": "cellog@php.net"
                }
            ],
            "description": "The PEAR Exception base class.",
            "homepage": "https://github.com/pear/PEAR_Exception",
            "keywords": [
                "exception"
            ],
            "time": "2015-02-10 20:07:52"
        },
        {
            "name": "php-mime-mail-parser/php-mime-mail-parser",
            "version": "dev-master",
            "source": {
                "type": "git",
                "url": "https://github.com/muffycompo/php-mime-mail-parser.git",
                "reference": "2af91cb5a0039b06902517282d39f545cd881482"
            },
            "dist": {
                "type": "zip",
                "url": "https://api.github.com/repos/muffycompo/php-mime-mail-parser/zipball/2af91cb5a0039b06902517282d39f545cd881482",
                "reference": "2af91cb5a0039b06902517282d39f545cd881482",
                "shasum": ""
            },
            "require": {
                "php": ">=5.4.0"
            },
            "replace": {
                "exorus/php-mime-mail-parser": "*",
                "messaged/php-mime-mail-parser": "*"
            },
            "require-dev": {
                "phpunit/php-token-stream": ">=1.3.0",
                "phpunit/phpunit": "4.*",
                "satooshi/php-coveralls": "0.*",
                "squizlabs/php_codesniffer": "2.*"
            },
            "type": "library",
            "autoload": {
                "psr-4": {
                    "PhpMimeMailParser\\": "src/"
                }
            },
            "license": [
                "MIT"
            ],
            "authors": [
                {
                    "name": "eXorus",
                    "email": "exorus.spam@gmail.com",
                    "homepage": "https://github.com/eXorus/",
                    "role": "Developer"
                },
                {
                    "name": "M.Valinskis",
                    "email": "M.Valins@gmail.com",
                    "homepage": "https://code.google.com/p/php-mime-mail-parser",
                    "role": "Developer"
                },
                {
                    "name": "eugene.emmett.wood",
                    "email": "gene_w@cementhorizon.com",
                    "homepage": "https://code.google.com/p/php-mime-mail-parser",
                    "role": "Developer"
                },
                {
                    "name": "alknetso",
                    "email": "alkne@gmail.com",
                    "homepage": "https://code.google.com/p/php-mime-mail-parser",
                    "role": "Developer"
                },
                {
                    "name": "bucabay",
                    "email": "gabe@fijiwebdesign.com",
                    "homepage": "http://www.fijiwebdesign.com",
                    "role": "Developer"
                }
            ],
            "description": "Fully Tested Mailparse Extension Wrapper for PHP 5.4+",
            "homepage": "https://github.com/php-mime-mail-parser/php-mime-mail-parser",
            "keywords": [
                "MimeMailParser",
                "mail",
                "mailparse",
                "mime"
            ],
            "support": {
                "source": "https://github.com/muffycompo/php-mime-mail-parser/tree/master"
            },
            "time": "2015-05-02 22:16:25"
        }
    ],
    "packages-dev": [],
    "aliases": [],
    "minimum-stability": "stable",
    "stability-flags": {
        "pear/mail_mime": 20,
        "pear/mail_mime-decode": 20,
        "pear/pear_exception": 20,
        "php-mime-mail-parser/php-mime-mail-parser": 20
    },
    "prefer-stable": false,
    "prefer-lowest": false,
    "platform": [],
    "platform-dev": []
}
